
Microsoft Visual Studio Solution File, Format Version 12.00
# Visual Studio 15
VisualStudioVersion = 15.0.28307.1401
MinimumVisualStudioVersion = 10.0.40219.1
Project("{FAE04EC0-301F-11D3-BF4B-00C04F79EFBC}") = "SalihKurt", "SalihKurt\SalihKurt.csproj", "{200B284C-75B2-47E1-86C9-EF86E1DD1A5F}"
EndProject
Global
	GlobalSection(SolutionConfigurationPlatforms) = preSolution
		Debug|Any CPU = Debug|Any CPU
		Release|Any CPU = Release|Any CPU
	EndGlobalSection
	GlobalSection(ProjectConfigurationPlatforms) = postSolution
		{200B284C-75B2-47E1-86C9-EF86E1DD1A5F}.Debug|Any CPU.ActiveCfg = Debug|Any CPU
		{200B284C-75B2-47E1-86C9-EF86E1DD1A5F}.Debug|Any CPU.Build.0 = Debug|Any CPU
		{200B284C-75B2-47E1-86C9-EF86E1DD1A5F}.Release|Any CPU.ActiveCfg = Release|Any CPU
		{200B284C-75B2-47E1-86C9-EF86E1DD1A5F}.Release|Any CPU.Build.0 = Release|Any CPU
	EndGlobalSection
	GlobalSection(SolutionProperties) = preSolution
		HideSolutionNode = FALSE
	EndGlobalSection
	GlobalSection(ExtensibilityGlobals) = postSolution
		SolutionGuid = {41E3D81A-A0C2-4722-B16B-9B5A7D65584B}
	EndGlobalSection
EndGlobal
